
Microsoft Visual Studio Solution File, Format Version 12.00
# Visual Studio Version 17
VisualStudioVersion = 17.4.33205.214
MinimumVisualStudioVersion = 10.0.40219.1
Project("{9A19103F-16F7-4668-BE54-9A1E7A4F7556}") = "ConsulMed", "ConsulMed.csproj", "{2072607C-63FE-4C97-94FA-100B26F3D492}"
EndProject
Project("{9A19103F-16F7-4668-BE54-9A1E7A4F7556}") = "ConsulMed.Data", "..\ConsulMed.Data\ConsulMed.Data.csproj", "{7726CC1F-CC96-486B-881A-308E53315A33}"
EndProject
Global
	GlobalSection(SolutionConfigurationPlatforms) = preSolution
		Debug|Any CPU = Debug|Any CPU
		Release|Any CPU = Release|Any CPU
	EndGlobalSection
	GlobalSection(ProjectConfigurationPlatforms) = postSolution
		{2072607C-63FE-4C97-94FA-100B26F3D492}.Debug|Any CPU.ActiveCfg = Debug|Any CPU
		{2072607C-63FE-4C97-94FA-100B26F3D492}.Debug|Any CPU.Build.0 = Debug|Any CPU
		{2072607C-63FE-4C97-94FA-100B26F3D492}.Release|Any CPU.ActiveCfg = Release|Any CPU
		{2072607C-63FE-4C97-94FA-100B26F3D492}.Release|Any CPU.Build.0 = Release|Any CPU
		{7726CC1F-CC96-486B-881A-308E53315A33}.Debug|Any CPU.ActiveCfg = Debug|Any CPU
		{7726CC1F-CC96-486B-881A-308E53315A33}.Debug|Any CPU.Build.0 = Debug|Any CPU
		{7726CC1F-CC96-486B-881A-308E53315A33}.Release|Any CPU.ActiveCfg = Release|Any CPU
		{7726CC1F-CC96-486B-881A-308E53315A33}.Release|Any CPU.Build.0 = Release|Any CPU
	EndGlobalSection
	GlobalSection(SolutionProperties) = preSolution
		HideSolutionNode = FALSE
	EndGlobalSection
	GlobalSection(ExtensibilityGlobals) = postSolution
		SolutionGuid = {5D40F7E5-5087-4ED7-A381-AB5FB96AB206}
	EndGlobalSection
EndGlobal
